
Microsoft Visual Studio Solution File, Format Version 12.00
# Visual Studio Version 16
VisualStudioVersion = 16.0.30225.117
MinimumVisualStudioVersion = 10.0.40219.1
Project("{FAE04EC0-301F-11D3-BF4B-00C04F79EFBC}") = "Bootloader", "Bootloader\Bootloader.csproj", "{CF22D0B9-770D-4E27-AD3D-8F9B36B36B25}"
EndProject
Global
	GlobalSection(SolutionConfigurationPlatforms) = preSolution
		Debug|Any CPU = Debug|Any CPU
		Release|Any CPU = Release|Any CPU
	EndGlobalSection
	GlobalSection(ProjectConfigurationPlatforms) = postSolution
		{CF22D0B9-770D-4E27-AD3D-8F9B36B36B25}.Debug|Any CPU.ActiveCfg = Debug|Any CPU
		{CF22D0B9-770D-4E27-AD3D-8F9B36B36B25}.Debug|Any CPU.Build.0 = Debug|Any CPU
		{CF22D0B9-770D-4E27-AD3D-8F9B36B36B25}.Release|Any CPU.ActiveCfg = Release|Any CPU
		{CF22D0B9-770D-4E27-AD3D-8F9B36B36B25}.Release|Any CPU.Build.0 = Release|Any CPU
	EndGlobalSection
	GlobalSection(SolutionProperties) = preSolution
		HideSolutionNode = FALSE
	EndGlobalSection
	GlobalSection(ExtensibilityGlobals) = postSolution
		SolutionGuid = {5AD33139-4E8F-4364-8EFC-51C211F09322}
	EndGlobalSection
EndGlobal
